
Microsoft Visual Studio Solution File, Format Version 12.00
# Visual Studio Version 17
VisualStudioVersion = 17.3.32819.101
MinimumVisualStudioVersion = 10.0.40219.1
Project("{FAE04EC0-301F-11D3-BF4B-00C04F79EFBC}") = "NyEgenTimerWPF", "NyEgenTimerWPF\NyEgenTimerWPF.csproj", "{7DE74C0D-7988-45D5-A81B-2B2CC706157C}"
EndProject
Global
	GlobalSection(SolutionConfigurationPlatforms) = preSolution
		Debug|Any CPU = Debug|Any CPU
		Release|Any CPU = Release|Any CPU
	EndGlobalSection
	GlobalSection(ProjectConfigurationPlatforms) = postSolution
		{7DE74C0D-7988-45D5-A81B-2B2CC706157C}.Debug|Any CPU.ActiveCfg = Debug|Any CPU
		{7DE74C0D-7988-45D5-A81B-2B2CC706157C}.Debug|Any CPU.Build.0 = Debug|Any CPU
		{7DE74C0D-7988-45D5-A81B-2B2CC706157C}.Release|Any CPU.ActiveCfg = Release|Any CPU
		{7DE74C0D-7988-45D5-A81B-2B2CC706157C}.Release|Any CPU.Build.0 = Release|Any CPU
	EndGlobalSection
	GlobalSection(SolutionProperties) = preSolution
		HideSolutionNode = FALSE
	EndGlobalSection
	GlobalSection(ExtensibilityGlobals) = postSolution
		SolutionGuid = {DA6C6101-9E7C-4402-9692-A33F58CC8D98}
	EndGlobalSection
EndGlobal
